
Microsoft Visual Studio Solution File, Format Version 12.00
# Visual Studio Version 16
VisualStudioVersion = 16.0.30128.74
MinimumVisualStudioVersion = 10.0.40219.1
Project("{FAE04EC0-301F-11D3-BF4B-00C04F79EFBC}") = "GreenVsRed", "GreenVsRed\GreenVsRed.csproj", "{D2A3E95F-3933-4DF4-A870-1471DA59FA4D}"
EndProject
Global
	GlobalSection(SolutionConfigurationPlatforms) = preSolution
		Debug|Any CPU = Debug|Any CPU
		Release|Any CPU = Release|Any CPU
	EndGlobalSection
	GlobalSection(ProjectConfigurationPlatforms) = postSolution
		{D2A3E95F-3933-4DF4-A870-1471DA59FA4D}.Debug|Any CPU.ActiveCfg = Debug|Any CPU
		{D2A3E95F-3933-4DF4-A870-1471DA59FA4D}.Debug|Any CPU.Build.0 = Debug|Any CPU
		{D2A3E95F-3933-4DF4-A870-1471DA59FA4D}.Release|Any CPU.ActiveCfg = Release|Any CPU
		{D2A3E95F-3933-4DF4-A870-1471DA59FA4D}.Release|Any CPU.Build.0 = Release|Any CPU
	EndGlobalSection
	GlobalSection(SolutionProperties) = preSolution
		HideSolutionNode = FALSE
	EndGlobalSection
	GlobalSection(ExtensibilityGlobals) = postSolution
		SolutionGuid = {F011468A-1BFF-4D4D-A307-02624B4334F2}
	EndGlobalSection
EndGlobal
